
Microsoft Visual Studio Solution File, Format Version 12.00
# Visual Studio 15
Project("{FAE04EC0-301F-11D3-BF4B-00C04F79EFBC}") = "UnityEngine.TestRunner", "UnityEngine.TestRunner.csproj", "{817C9307-F4A7-A2DC-186B-EDBCF82F8038}"
EndProject
Project("{FAE04EC0-301F-11D3-BF4B-00C04F79EFBC}") = "Unity.Mathematics", "Unity.Mathematics.csproj", "{D9813976-A09A-09FB-B7B3-4B1A0C5C43CD}"
EndProject
Project("{FAE04EC0-301F-11D3-BF4B-00C04F79EFBC}") = "Unity.2D.Animation.Triangle.Runtime", "Unity.2D.Animation.Triangle.Runtime.csproj", "{EB79B619-7B75-F854-9350-595C8F3922FD}"
EndProject
Project("{FAE04EC0-301F-11D3-BF4B-00C04F79EFBC}") = "Unity.Timeline", "Unity.Timeline.csproj", "{DB399A96-EA37-724F-1BCF-33DC069D2A87}"
EndProject
Project("{FAE04EC0-301F-11D3-BF4B-00C04F79EFBC}") = "UnityEngine.UI", "UnityEngine.UI.csproj", "{D37F6A28-E4FF-0D99-1F2F-480CCA2B0FF7}"
EndProject
Project("{FAE04EC0-301F-11D3-BF4B-00C04F79EFBC}") = "Unity.TextMeshPro", "Unity.TextMeshPro.csproj", "{89BBE89D-1865-8540-9BDD-3CB2E49F9DDE}"
EndProject
Project("{FAE04EC0-301F-11D3-BF4B-00C04F79EFBC}") = "Unity.2D.Animation.Runtime", "Unity.2D.Animation.Runtime.csproj", "{DA7A78CC-4B1D-9F3C-F9C3-64D4395B23B8}"
EndProject
Project("{FAE04EC0-301F-11D3-BF4B-00C04F79EFBC}") = "Unity.2D.IK.Runtime", "Unity.2D.IK.Runtime.csproj", "{2679605E-6EFD-9F5C-5F62-CB4D40839276}"
EndProject
Project("{FAE04EC0-301F-11D3-BF4B-00C04F79EFBC}") = "Unity.2D.SpriteShape.Runtime", "Unity.2D.SpriteShape.Runtime.csproj", "{5D79F063-30BE-7950-A970-A0FF9CC88B59}"
EndProject
Project("{FAE04EC0-301F-11D3-BF4B-00C04F79EFBC}") = "Unity.2D.PixelPerfect", "Unity.2D.PixelPerfect.csproj", "{B19B02D9-2325-BEC0-65F4-AF6F7DD4FED7}"
EndProject
Project("{FAE04EC0-301F-11D3-BF4B-00C04F79EFBC}") = "Assembly-CSharp", "Assembly-CSharp.csproj", "{5CE4145C-F707-BFA0-635F-AB190C12DD57}"
EndProject
Project("{FAE04EC0-301F-11D3-BF4B-00C04F79EFBC}") = "Unity.2D.Common.Runtime", "Unity.2D.Common.Runtime.csproj", "{76263839-C331-7182-71CC-B60A60560A1F}"
EndProject
Project("{FAE04EC0-301F-11D3-BF4B-00C04F79EFBC}") = "Unity.InternalAPIEngineBridge.001", "Unity.InternalAPIEngineBridge.001.csproj", "{1B70DADC-42F0-9155-2F12-26DA01774574}"
EndProject
Project("{FAE04EC0-301F-11D3-BF4B-00C04F79EFBC}") = "UnityEditor.TestRunner", "UnityEditor.TestRunner.csproj", "{5FC052EE-BECB-F373-B603-FEF99F26962A}"
EndProject
Project("{FAE04EC0-301F-11D3-BF4B-00C04F79EFBC}") = "Unity.PlasticSCM.Editor", "Unity.PlasticSCM.Editor.csproj", "{88607C0A-5909-DA5D-4508-8623EA1899AE}"
EndProject
Project("{FAE04EC0-301F-11D3-BF4B-00C04F79EFBC}") = "UnityEditor.UI", "UnityEditor.UI.csproj", "{842900DE-E138-800F-F87D-E918F0B0B7A6}"
EndProject
Project("{FAE04EC0-301F-11D3-BF4B-00C04F79EFBC}") = "Unity.Services.Core.Editor", "Unity.Services.Core.Editor.csproj", "{54516B2C-24D0-F51E-28B0-5862924A8A00}"
EndProject
Project("{FAE04EC0-301F-11D3-BF4B-00C04F79EFBC}") = "Unity.Timeline.Editor", "Unity.Timeline.Editor.csproj", "{718C2235-028E-B502-246D-7B10E36B9565}"
EndProject
Project("{FAE04EC0-301F-11D3-BF4B-00C04F79EFBC}") = "Unity.VisualStudio.Editor", "Unity.VisualStudio.Editor.csproj", "{23A38702-EAF3-BB54-2DE8-42B6440255E7}"
EndProject
Project("{FAE04EC0-301F-11D3-BF4B-00C04F79EFBC}") = "Unity.2D.Psdimporter.Editor", "Unity.2D.Psdimporter.Editor.csproj", "{21015BE5-FB6F-92F5-1B89-87D61838CFCF}"
EndProject
Project("{FAE04EC0-301F-11D3-BF4B-00C04F79EFBC}") = "Unity.2D.Animation.Editor", "Unity.2D.Animation.Editor.csproj", "{A0002AA3-5D29-DB62-4D94-448AACC02CF3}"
EndProject
Project("{FAE04EC0-301F-11D3-BF4B-00C04F79EFBC}") = "Unity.TextMeshPro.Editor", "Unity.TextMeshPro.Editor.csproj", "{81ED4DB2-52C4-F18F-B560-4640F2580425}"
EndProject
Project("{FAE04EC0-301F-11D3-BF4B-00C04F79EFBC}") = "Unity.2D.SpriteShape.Editor", "Unity.2D.SpriteShape.Editor.csproj", "{7B6F50FB-5851-1E41-8590-E4895F1A147B}"
EndProject
Project("{FAE04EC0-301F-11D3-BF4B-00C04F79EFBC}") = "Unity.CollabProxy.Editor", "Unity.CollabProxy.Editor.csproj", "{7233EB63-E18A-37FA-9E8E-28D812ED50DC}"
EndProject
Project("{FAE04EC0-301F-11D3-BF4B-00C04F79EFBC}") = "PsdPlugin", "PsdPlugin.csproj", "{CAACAD97-CA78-E1BF-6F1D-90B810A2F2BD}"
EndProject
Project("{FAE04EC0-301F-11D3-BF4B-00C04F79EFBC}") = "Unity.2D.Path.Editor", "Unity.2D.Path.Editor.csproj", "{F15D2DDA-4F53-4232-40E0-508D2DCF8B42}"
EndProject
Project("{FAE04EC0-301F-11D3-BF4B-00C04F79EFBC}") = "Unity.Rider.Editor", "Unity.Rider.Editor.csproj", "{B23B4827-943D-BE73-2469-6CB427C3D056}"
EndProject
Project("{FAE04EC0-301F-11D3-BF4B-00C04F79EFBC}") = "Unity.2D.IK.Editor", "Unity.2D.IK.Editor.csproj", "{0B3E91D8-A409-B8E1-8C5E-8CB1467D2303}"
EndProject
Project("{FAE04EC0-301F-11D3-BF4B-00C04F79EFBC}") = "Unity.2D.Sprite.Editor", "Unity.2D.Sprite.Editor.csproj", "{9FCED055-3A17-1C96-B16B-CAD1BBAA5454}"
EndProject
Project("{FAE04EC0-301F-11D3-BF4B-00C04F79EFBC}") = "Unity.2D.Tilemap.Editor", "Unity.2D.Tilemap.Editor.csproj", "{4F87C946-CA5A-C8CF-C755-3039865A3A8F}"
EndProject
Project("{FAE04EC0-301F-11D3-BF4B-00C04F79EFBC}") = "Unity.2D.PixelPerfect.Editor", "Unity.2D.PixelPerfect.Editor.csproj", "{DBE353E3-B266-DF66-53F8-8EA041362F49}"
EndProject
Project("{FAE04EC0-301F-11D3-BF4B-00C04F79EFBC}") = "Unity.VSCode.Editor", "Unity.VSCode.Editor.csproj", "{5A40E365-FA39-076C-737A-C1B049154CF5}"
EndProject
Project("{FAE04EC0-301F-11D3-BF4B-00C04F79EFBC}") = "Unity.2D.Common.Editor", "Unity.2D.Common.Editor.csproj", "{AB3188A4-96CE-48A8-FD51-C60DC9C2D5AE}"
EndProject
Project("{FAE04EC0-301F-11D3-BF4B-00C04F79EFBC}") = "Unity.Mathematics.Editor", "Unity.Mathematics.Editor.csproj", "{5D19374E-FA2B-07A7-E132-83590E68BBD7}"
EndProject
Project("{FAE04EC0-301F-11D3-BF4B-00C04F79EFBC}") = "Unity.InternalAPIEditorBridge.001", "Unity.InternalAPIEditorBridge.001.csproj", "{1E4799AF-97C6-7100-4E1C-B405F1AC9C3C}"
EndProject
Global
	GlobalSection(SolutionConfigurationPlatforms) = preSolution
		Debug|Any CPU = Debug|Any CPU
		Release|Any CPU = Release|Any CPU
	EndGlobalSection
	GlobalSection(ProjectConfigurationPlatforms) = postSolution
		{817C9307-F4A7-A2DC-186B-EDBCF82F8038}.Debug|Any CPU.ActiveCfg = Debug|Any CPU
		{817C9307-F4A7-A2DC-186B-EDBCF82F8038}.Debug|Any CPU.Build.0 = Debug|Any CPU
		{817C9307-F4A7-A2DC-186B-EDBCF82F8038}.Release|Any CPU.ActiveCfg = Release|Any CPU
		{817C9307-F4A7-A2DC-186B-EDBCF82F8038}.Release|Any CPU.Build.0 = Release|Any CPU
		{D9813976-A09A-09FB-B7B3-4B1A0C5C43CD}.Debug|Any CPU.ActiveCfg = Debug|Any CPU
		{D9813976-A09A-09FB-B7B3-4B1A0C5C43CD}.Debug|Any CPU.Build.0 = Debug|Any CPU
		{D9813976-A09A-09FB-B7B3-4B1A0C5C43CD}.Release|Any CPU.ActiveCfg = Release|Any CPU
		{D9813976-A09A-09FB-B7B3-4B1A0C5C43CD}.Release|Any CPU.Build.0 = Release|Any CPU
		{EB79B619-7B75-F854-9350-595C8F3922FD}.Debug|Any CPU.ActiveCfg = Debug|Any CPU
		{EB79B619-7B75-F854-9350-595C8F3922FD}.Debug|Any CPU.Build.0 = Debug|Any CPU
		{EB79B619-7B75-F854-9350-595C8F3922FD}.Release|Any CPU.ActiveCfg = Release|Any CPU
		{EB79B619-7B75-F854-9350-595C8F3922FD}.Release|Any CPU.Build.0 = Release|Any CPU
		{DB399A96-EA37-724F-1BCF-33DC069D2A87}.Debug|Any CPU.ActiveCfg = Debug|Any CPU
		{DB399A96-EA37-724F-1BCF-33DC069D2A87}.Debug|Any CPU.Build.0 = Debug|Any CPU
		{DB399A96-EA37-724F-1BCF-33DC069D2A87}.Release|Any CPU.ActiveCfg = Release|Any CPU
		{DB399A96-EA37-724F-1BCF-33DC069D2A87}.Release|Any CPU.Build.0 = Release|Any CPU
		{D37F6A28-E4FF-0D99-1F2F-480CCA2B0FF7}.Debug|Any CPU.ActiveCfg = Debug|Any CPU
		{D37F6A28-E4FF-0D99-1F2F-480CCA2B0FF7}.Debug|Any CPU.Build.0 = Debug|Any CPU
		{D37F6A28-E4FF-0D99-1F2F-480CCA2B0FF7}.Release|Any CPU.ActiveCfg = Release|Any CPU
		{D37F6A28-E4FF-0D99-1F2F-480CCA2B0FF7}.Release|Any CPU.Build.0 = Release|Any CPU
		{89BBE89D-1865-8540-9BDD-3CB2E49F9DDE}.Debug|Any CPU.ActiveCfg = Debug|Any CPU
		{89BBE89D-1865-8540-9BDD-3CB2E49F9DDE}.Debug|Any CPU.Build.0 = Debug|Any CPU
		{89BBE89D-1865-8540-9BDD-3CB2E49F9DDE}.Release|Any CPU.ActiveCfg = Release|Any CPU
		{89BBE89D-1865-8540-9BDD-3CB2E49F9DDE}.Release|Any CPU.Build.0 = Release|Any CPU
		{DA7A78CC-4B1D-9F3C-F9C3-64D4395B23B8}.Debug|Any CPU.ActiveCfg = Debug|Any CPU
		{DA7A78CC-4B1D-9F3C-F9C3-64D4395B23B8}.Debug|Any CPU.Build.0 = Debug|Any CPU
		{DA7A78CC-4B1D-9F3C-F9C3-64D4395B23B8}.Release|Any CPU.ActiveCfg = Release|Any CPU
		{DA7A78CC-4B1D-9F3C-F9C3-64D4395B23B8}.Release|Any CPU.Build.0 = Release|Any CPU
		{2679605E-6EFD-9F5C-5F62-CB4D40839276}.Debug|Any CPU.ActiveCfg = Debug|Any CPU
		{2679605E-6EFD-9F5C-5F62-CB4D40839276}.Debug|Any CPU.Build.0 = Debug|Any CPU
		{2679605E-6EFD-9F5C-5F62-CB4D40839276}.Release|Any CPU.ActiveCfg = Release|Any CPU
		{2679605E-6EFD-9F5C-5F62-CB4D40839276}.Release|Any CPU.Build.0 = Release|Any CPU
		{5D79F063-30BE-7950-A970-A0FF9CC88B59}.Debug|Any CPU.ActiveCfg = Debug|Any CPU
		{5D79F063-30BE-7950-A970-A0FF9CC88B59}.Debug|Any CPU.Build.0 = Debug|Any CPU
		{5D79F063-30BE-7950-A970-A0FF9CC88B59}.Release|Any CPU.ActiveCfg = Release|Any CPU
		{5D79F063-30BE-7950-A970-A0FF9CC88B59}.Release|Any CPU.Build.0 = Release|Any CPU
		{B19B02D9-2325-BEC0-65F4-AF6F7DD4FED7}.Debug|Any CPU.ActiveCfg = Debug|Any CPU
		{B19B02D9-2325-BEC0-65F4-AF6F7DD4FED7}.Debug|Any CPU.Build.0 = Debug|Any CPU
		{B19B02D9-2325-BEC0-65F4-AF6F7DD4FED7}.Release|Any CPU.ActiveCfg = Release|Any CPU
		{B19B02D9-2325-BEC0-65F4-AF6F7DD4FED7}.Release|Any CPU.Build.0 = Release|Any CPU
		{5CE4145C-F707-BFA0-635F-AB190C12DD57}.Debug|Any CPU.ActiveCfg = Debug|Any CPU
		{5CE4145C-F707-BFA0-635F-AB190C12DD57}.Debug|Any CPU.Build.0 = Debug|Any CPU
		{5CE4145C-F707-BFA0-635F-AB190C12DD57}.Release|Any CPU.ActiveCfg = Release|Any CPU
		{5CE4145C-F707-BFA0-635F-AB190C12DD57}.Release|Any CPU.Build.0 = Release|Any CPU
		{76263839-C331-7182-71CC-B60A60560A1F}.Debug|Any CPU.ActiveCfg = Debug|Any CPU
		{76263839-C331-7182-71CC-B60A60560A1F}.Debug|Any CPU.Build.0 = Debug|Any CPU
		{76263839-C331-7182-71CC-B60A60560A1F}.Release|Any CPU.ActiveCfg = Release|Any CPU
		{76263839-C331-7182-71CC-B60A60560A1F}.Release|Any CPU.Build.0 = Release|Any CPU
		{1B70DADC-42F0-9155-2F12-26DA01774574}.Debug|Any CPU.ActiveCfg = Debug|Any CPU
		{1B70DADC-42F0-9155-2F12-26DA01774574}.Debug|Any CPU.Build.0 = Debug|Any CPU
		{1B70DADC-42F0-9155-2F12-26DA01774574}.Release|Any CPU.ActiveCfg = Release|Any CPU
		{1B70DADC-42F0-9155-2F12-26DA01774574}.Release|Any CPU.Build.0 = Release|Any CPU
		{5FC052EE-BECB-F373-B603-FEF99F26962A}.Debug|Any CPU.ActiveCfg = Debug|Any CPU
		{5FC052EE-BECB-F373-B603-FEF99F26962A}.Debug|Any CPU.Build.0 = Debug|Any CPU
		{5FC052EE-BECB-F373-B603-FEF99F26962A}.Release|Any CPU.ActiveCfg = Release|Any CPU
		{5FC052EE-BECB-F373-B603-FEF99F26962A}.Release|Any CPU.Build.0 = Release|Any CPU
		{88607C0A-5909-DA5D-4508-8623EA1899AE}.Debug|Any CPU.ActiveCfg = Debug|Any CPU
		{88607C0A-5909-DA5D-4508-8623EA1899AE}.Debug|Any CPU.Build.0 = Debug|Any CPU
		{88607C0A-5909-DA5D-4508-8623EA1899AE}.Release|Any CPU.ActiveCfg = Release|Any CPU
		{88607C0A-5909-DA5D-4508-8623EA1899AE}.Release|Any CPU.Build.0 = Release|Any CPU
		{842900DE-E138-800F-F87D-E918F0B0B7A6}.Debug|Any CPU.ActiveCfg = Debug|Any CPU
		{842900DE-E138-800F-F87D-E918F0B0B7A6}.Debug|Any CPU.Build.0 = Debug|Any CPU
		{842900DE-E138-800F-F87D-E918F0B0B7A6}.Release|Any CPU.ActiveCfg = Release|Any CPU
		{842900DE-E138-800F-F87D-E918F0B0B7A6}.Release|Any CPU.Build.0 = Release|Any CPU
		{54516B2C-24D0-F51E-28B0-5862924A8A00}.Debug|Any CPU.ActiveCfg = Debug|Any CPU
		{54516B2C-24D0-F51E-28B0-5862924A8A00}.Debug|Any CPU.Build.0 = Debug|Any CPU
		{54516B2C-24D0-F51E-28B0-5862924A8A00}.Release|Any CPU.ActiveCfg = Release|Any CPU
		{54516B2C-24D0-F51E-28B0-5862924A8A00}.Release|Any CPU.Build.0 = Release|Any CPU
		{718C2235-028E-B502-246D-7B10E36B9565}.Debug|Any CPU.ActiveCfg = Debug|Any CPU
		{718C2235-028E-B502-246D-7B10E36B9565}.Debug|Any CPU.Build.0 = Debug|Any CPU
		{718C2235-028E-B502-246D-7B10E36B9565}.Release|Any CPU.ActiveCfg = Release|Any CPU
		{718C2235-028E-B502-246D-7B10E36B9565}.Release|Any CPU.Build.0 = Release|Any CPU
		{23A38702-EAF3-BB54-2DE8-42B6440255E7}.Debug|Any CPU.ActiveCfg = Debug|Any CPU
		{23A38702-EAF3-BB54-2DE8-42B6440255E7}.Debug|Any CPU.Build.0 = Debug|Any CPU
		{23A38702-EAF3-BB54-2DE8-42B6440255E7}.Release|Any CPU.ActiveCfg = Release|Any CPU
		{23A38702-EAF3-BB54-2DE8-42B6440255E7}.Release|Any CPU.Build.0 = Release|Any CPU
		{21015BE5-FB6F-92F5-1B89-87D61838CFCF}.Debug|Any CPU.ActiveCfg = Debug|Any CPU
		{21015BE5-FB6F-92F5-1B89-87D61838CFCF}.Debug|Any CPU.Build.0 = Debug|Any CPU
		{21015BE5-FB6F-92F5-1B89-87D61838CFCF}.Release|Any CPU.ActiveCfg = Release|Any CPU
		{21015BE5-FB6F-92F5-1B89-87D61838CFCF}.Release|Any CPU.Build.0 = Release|Any CPU
		{A0002AA3-5D29-DB62-4D94-448AACC02CF3}.Debug|Any CPU.ActiveCfg = Debug|Any CPU
		{A0002AA3-5D29-DB62-4D94-448AACC02CF3}.Debug|Any CPU.Build.0 = Debug|Any CPU
		{A0002AA3-5D29-DB62-4D94-448AACC02CF3}.Release|Any CPU.ActiveCfg = Release|Any CPU
		{A0002AA3-5D29-DB62-4D94-448AACC02CF3}.Release|Any CPU.Build.0 = Release|Any CPU
		{81ED4DB2-52C4-F18F-B560-4640F2580425}.Debug|Any CPU.ActiveCfg = Debug|Any CPU
		{81ED4DB2-52C4-F18F-B560-4640F2580425}.Debug|Any CPU.Build.0 = Debug|Any CPU
		{81ED4DB2-52C4-F18F-B560-4640F2580425}.Release|Any CPU.ActiveCfg = Release|Any CPU
		{81ED4DB2-52C4-F18F-B560-4640F2580425}.Release|Any CPU.Build.0 = Release|Any CPU
		{7B6F50FB-5851-1E41-8590-E4895F1A147B}.Debug|Any CPU.ActiveCfg = Debug|Any CPU
		{7B6F50FB-5851-1E41-8590-E4895F1A147B}.Debug|Any CPU.Build.0 = Debug|Any CPU
		{7B6F50FB-5851-1E41-8590-E4895F1A147B}.Release|Any CPU.ActiveCfg = Release|Any CPU
		{7B6F50FB-5851-1E41-8590-E4895F1A147B}.Release|Any CPU.Build.0 = Release|Any CPU
		{7233EB63-E18A-37FA-9E8E-28D812ED50DC}.Debug|Any CPU.ActiveCfg = Debug|Any CPU
		{7233EB63-E18A-37FA-9E8E-28D812ED50DC}.Debug|Any CPU.Build.0 = Debug|Any CPU
		{7233EB63-E18A-37FA-9E8E-28D812ED50DC}.Release|Any CPU.ActiveCfg = Release|Any CPU
		{7233EB63-E18A-37FA-9E8E-28D812ED50DC}.Release|Any CPU.Build.0 = Release|Any CPU
		{CAACAD97-CA78-E1BF-6F1D-90B810A2F2BD}.Debug|Any CPU.ActiveCfg = Debug|Any CPU
		{CAACAD97-CA78-E1BF-6F1D-90B810A2F2BD}.Debug|Any CPU.Build.0 = Debug|Any CPU
		{CAACAD97-CA78-E1BF-6F1D-90B810A2F2BD}.Release|Any CPU.ActiveCfg = Release|Any CPU
		{CAACAD97-CA78-E1BF-6F1D-90B810A2F2BD}.Release|Any CPU.Build.0 = Release|Any CPU
		{F15D2DDA-4F53-4232-40E0-508D2DCF8B42}.Debug|Any CPU.ActiveCfg = Debug|Any CPU
		{F15D2DDA-4F53-4232-40E0-508D2DCF8B42}.Debug|Any CPU.Build.0 = Debug|Any CPU
		{F15D2DDA-4F53-4232-40E0-508D2DCF8B42}.Release|Any CPU.ActiveCfg = Release|Any CPU
		{F15D2DDA-4F53-4232-40E0-508D2DCF8B42}.Release|Any CPU.Build.0 = Release|Any CPU
		{B23B4827-943D-BE73-2469-6CB427C3D056}.Debug|Any CPU.ActiveCfg = Debug|Any CPU
		{B23B4827-943D-BE73-2469-6CB427C3D056}.Debug|Any CPU.Build.0 = Debug|Any CPU
		{B23B4827-943D-BE73-2469-6CB427C3D056}.Release|Any CPU.ActiveCfg = Release|Any CPU
		{B23B4827-943D-BE73-2469-6CB427C3D056}.Release|Any CPU.Build.0 = Release|Any CPU
		{0B3E91D8-A409-B8E1-8C5E-8CB1467D2303}.Debug|Any CPU.ActiveCfg = Debug|Any CPU
		{0B3E91D8-A409-B8E1-8C5E-8CB1467D2303}.Debug|Any CPU.Build.0 = Debug|Any CPU
		{0B3E91D8-A409-B8E1-8C5E-8CB1467D2303}.Release|Any CPU.ActiveCfg = Release|Any CPU
		{0B3E91D8-A409-B8E1-8C5E-8CB1467D2303}.Release|Any CPU.Build.0 = Release|Any CPU
		{9FCED055-3A17-1C96-B16B-CAD1BBAA5454}.Debug|Any CPU.ActiveCfg = Debug|Any CPU
		{9FCED055-3A17-1C96-B16B-CAD1BBAA5454}.Debug|Any CPU.Build.0 = Debug|Any CPU
		{9FCED055-3A17-1C96-B16B-CAD1BBAA5454}.Release|Any CPU.ActiveCfg = Release|Any CPU
		{9FCED055-3A17-1C96-B16B-CAD1BBAA5454}.Release|Any CPU.Build.0 = Release|Any CPU
		{4F87C946-CA5A-C8CF-C755-3039865A3A8F}.Debug|Any CPU.ActiveCfg = Debug|Any CPU
		{4F87C946-CA5A-C8CF-C755-3039865A3A8F}.Debug|Any CPU.Build.0 = Debug|Any CPU
		{4F87C946-CA5A-C8CF-C755-3039865A3A8F}.Release|Any CPU.ActiveCfg = Release|Any CPU
		{4F87C946-CA5A-C8CF-C755-3039865A3A8F}.Release|Any CPU.Build.0 = Release|Any CPU
		{DBE353E3-B266-DF66-53F8-8EA041362F49}.Debug|Any CPU.ActiveCfg = Debug|Any CPU
		{DBE353E3-B266-DF66-53F8-8EA041362F49}.Debug|Any CPU.Build.0 = Debug|Any CPU
		{DBE353E3-B266-DF66-53F8-8EA041362F49}.Release|Any CPU.ActiveCfg = Release|Any CPU
		{DBE353E3-B266-DF66-53F8-8EA041362F49}.Release|Any CPU.Build.0 = Release|Any CPU
		{5A40E365-FA39-076C-737A-C1B049154CF5}.Debug|Any CPU.ActiveCfg = Debug|Any CPU
		{5A40E365-FA39-076C-737A-C1B049154CF5}.Debug|Any CPU.Build.0 = Debug|Any CPU
		{5A40E365-FA39-076C-737A-C1B049154CF5}.Release|Any CPU.ActiveCfg = Release|Any CPU
		{5A40E365-FA39-076C-737A-C1B049154CF5}.Release|Any CPU.Build.0 = Release|Any CPU
		{AB3188A4-96CE-48A8-FD51-C60DC9C2D5AE}.Debug|Any CPU.ActiveCfg = Debug|Any CPU
		{AB3188A4-96CE-48A8-FD51-C60DC9C2D5AE}.Debug|Any CPU.Build.0 = Debug|Any CPU
		{AB3188A4-96CE-48A8-FD51-C60DC9C2D5AE}.Release|Any CPU.ActiveCfg = Release|Any CPU
		{AB3188A4-96CE-48A8-FD51-C60DC9C2D5AE}.Release|Any CPU.Build.0 = Release|Any CPU
		{5D19374E-FA2B-07A7-E132-83590E68BBD7}.Debug|Any CPU.ActiveCfg = Debug|Any CPU
		{5D19374E-FA2B-07A7-E132-83590E68BBD7}.Debug|Any CPU.Build.0 = Debug|Any CPU
		{5D19374E-FA2B-07A7-E132-83590E68BBD7}.Release|Any CPU.ActiveCfg = Release|Any CPU
		{5D19374E-FA2B-07A7-E132-83590E68BBD7}.Release|Any CPU.Build.0 = Release|Any CPU
		{1E4799AF-97C6-7100-4E1C-B405F1AC9C3C}.Debug|Any CPU.ActiveCfg = Debug|Any CPU
		{1E4799AF-97C6-7100-4E1C-B405F1AC9C3C}.Debug|Any CPU.Build.0 = Debug|Any CPU
		{1E4799AF-97C6-7100-4E1C-B405F1AC9C3C}.Release|Any CPU.ActiveCfg = Release|Any CPU
		{1E4799AF-97C6-7100-4E1C-B405F1AC9C3C}.Release|Any CPU.Build.0 = Release|Any CPU
	EndGlobalSection
	GlobalSection(SolutionProperties) = preSolution
		HideSolutionNode = FALSE
	EndGlobalSection
EndGlobal
